
Microsoft Visual Studio Solution File, Format Version 12.00
# Visual Studio Version 16
VisualStudioVersion = 16.0.31112.23
MinimumVisualStudioVersion = 10.0.40219.1
Project("{9A19103F-16F7-4668-BE54-9A1E7A4F7556}") = "WebNUnit", "WebNUnit\WebNUnit.csproj", "{8D7EDAE1-8BCC-4FAE-A534-45DCAF53F660}"
EndProject
Project("{FAE04EC0-301F-11D3-BF4B-00C04F79EFBC}") = "Atributes", "Atributes\Atributes.csproj", "{3EEC8A5A-EDC0-42B5-B4F6-A73BE41A9FCB}"
EndProject
Project("{FAE04EC0-301F-11D3-BF4B-00C04F79EFBC}") = "FailedTests", "FailedTests\FailedTests.csproj", "{26586770-F8C1-476D-B401-7D9B581F0CA0}"
EndProject
Project("{FAE04EC0-301F-11D3-BF4B-00C04F79EFBC}") = "PassedTests", "PassedTests\PassedTests.csproj", "{17E04720-6EBA-4521-B47B-02317E72442C}"
EndProject
Project("{FAE04EC0-301F-11D3-BF4B-00C04F79EFBC}") = "ExceptionTests", "ExceptionTests\ExceptionTests.csproj", "{CA29CDD9-FE00-4AED-8FBF-ADF02BF6E475}"
EndProject
Project("{FAE04EC0-301F-11D3-BF4B-00C04F79EFBC}") = "MyNUnitRunner", "MyNUnitRunner\MyNUnitRunner.csproj", "{74BA1D65-0B7F-44A4-96A2-7D82FAA953C0}"
EndProject
Project("{FAE04EC0-301F-11D3-BF4B-00C04F79EFBC}") = "Tests", "Tests\Tests.csproj", "{DC784017-8DDC-4E5A-A829-B3D161A8E281}"
EndProject
Global
	GlobalSection(SolutionConfigurationPlatforms) = preSolution
		Debug|Any CPU = Debug|Any CPU
		Release|Any CPU = Release|Any CPU
	EndGlobalSection
	GlobalSection(ProjectConfigurationPlatforms) = postSolution
		{8D7EDAE1-8BCC-4FAE-A534-45DCAF53F660}.Debug|Any CPU.ActiveCfg = Debug|Any CPU
		{8D7EDAE1-8BCC-4FAE-A534-45DCAF53F660}.Debug|Any CPU.Build.0 = Debug|Any CPU
		{8D7EDAE1-8BCC-4FAE-A534-45DCAF53F660}.Release|Any CPU.ActiveCfg = Release|Any CPU
		{8D7EDAE1-8BCC-4FAE-A534-45DCAF53F660}.Release|Any CPU.Build.0 = Release|Any CPU
		{3EEC8A5A-EDC0-42B5-B4F6-A73BE41A9FCB}.Debug|Any CPU.ActiveCfg = Debug|Any CPU
		{3EEC8A5A-EDC0-42B5-B4F6-A73BE41A9FCB}.Debug|Any CPU.Build.0 = Debug|Any CPU
		{3EEC8A5A-EDC0-42B5-B4F6-A73BE41A9FCB}.Release|Any CPU.ActiveCfg = Release|Any CPU
		{3EEC8A5A-EDC0-42B5-B4F6-A73BE41A9FCB}.Release|Any CPU.Build.0 = Release|Any CPU
		{26586770-F8C1-476D-B401-7D9B581F0CA0}.Debug|Any CPU.ActiveCfg = Debug|Any CPU
		{26586770-F8C1-476D-B401-7D9B581F0CA0}.Debug|Any CPU.Build.0 = Debug|Any CPU
		{26586770-F8C1-476D-B401-7D9B581F0CA0}.Release|Any CPU.ActiveCfg = Release|Any CPU
		{26586770-F8C1-476D-B401-7D9B581F0CA0}.Release|Any CPU.Build.0 = Release|Any CPU
		{17E04720-6EBA-4521-B47B-02317E72442C}.Debug|Any CPU.ActiveCfg = Debug|Any CPU
		{17E04720-6EBA-4521-B47B-02317E72442C}.Debug|Any CPU.Build.0 = Debug|Any CPU
		{17E04720-6EBA-4521-B47B-02317E72442C}.Release|Any CPU.ActiveCfg = Release|Any CPU
		{17E04720-6EBA-4521-B47B-02317E72442C}.Release|Any CPU.Build.0 = Release|Any CPU
		{CA29CDD9-FE00-4AED-8FBF-ADF02BF6E475}.Debug|Any CPU.ActiveCfg = Debug|Any CPU
		{CA29CDD9-FE00-4AED-8FBF-ADF02BF6E475}.Debug|Any CPU.Build.0 = Debug|Any CPU
		{CA29CDD9-FE00-4AED-8FBF-ADF02BF6E475}.Release|Any CPU.ActiveCfg = Release|Any CPU
		{CA29CDD9-FE00-4AED-8FBF-ADF02BF6E475}.Release|Any CPU.Build.0 = Release|Any CPU
		{74BA1D65-0B7F-44A4-96A2-7D82FAA953C0}.Debug|Any CPU.ActiveCfg = Debug|Any CPU
		{74BA1D65-0B7F-44A4-96A2-7D82FAA953C0}.Debug|Any CPU.Build.0 = Debug|Any CPU
		{74BA1D65-0B7F-44A4-96A2-7D82FAA953C0}.Release|Any CPU.ActiveCfg = Release|Any CPU
		{74BA1D65-0B7F-44A4-96A2-7D82FAA953C0}.Release|Any CPU.Build.0 = Release|Any CPU
		{DC784017-8DDC-4E5A-A829-B3D161A8E281}.Debug|Any CPU.ActiveCfg = Debug|Any CPU
		{DC784017-8DDC-4E5A-A829-B3D161A8E281}.Debug|Any CPU.Build.0 = Debug|Any CPU
		{DC784017-8DDC-4E5A-A829-B3D161A8E281}.Release|Any CPU.ActiveCfg = Release|Any CPU
		{DC784017-8DDC-4E5A-A829-B3D161A8E281}.Release|Any CPU.Build.0 = Release|Any CPU
	EndGlobalSection
	GlobalSection(SolutionProperties) = preSolution
		HideSolutionNode = FALSE
	EndGlobalSection
	GlobalSection(ExtensibilityGlobals) = postSolution
		SolutionGuid = {5B5E97AB-7371-4163-B597-DC34DB4A44C9}
	EndGlobalSection
EndGlobal
