
Microsoft Visual Studio Solution File, Format Version 12.00
# Visual Studio Version 16
VisualStudioVersion = 16.0.29911.84
MinimumVisualStudioVersion = 10.0.40219.1
Project("{FAE04EC0-301F-11D3-BF4B-00C04F79EFBC}") = "2.Test.1", "2.Test.1\2.Test.1.csproj", "{5310F54C-44C6-4C5C-BC50-0EADF0B0507F}"
EndProject
Project("{FAE04EC0-301F-11D3-BF4B-00C04F79EFBC}") = "QueueTest", "QueueTest\QueueTest.csproj", "{541D3944-9D57-489A-9DE0-69D707A698E2}"
EndProject
Global
	GlobalSection(SolutionConfigurationPlatforms) = preSolution
		Debug|Any CPU = Debug|Any CPU
		Release|Any CPU = Release|Any CPU
	EndGlobalSection
	GlobalSection(ProjectConfigurationPlatforms) = postSolution
		{5310F54C-44C6-4C5C-BC50-0EADF0B0507F}.Debug|Any CPU.ActiveCfg = Debug|Any CPU
		{5310F54C-44C6-4C5C-BC50-0EADF0B0507F}.Debug|Any CPU.Build.0 = Debug|Any CPU
		{5310F54C-44C6-4C5C-BC50-0EADF0B0507F}.Release|Any CPU.ActiveCfg = Release|Any CPU
		{5310F54C-44C6-4C5C-BC50-0EADF0B0507F}.Release|Any CPU.Build.0 = Release|Any CPU
		{541D3944-9D57-489A-9DE0-69D707A698E2}.Debug|Any CPU.ActiveCfg = Debug|Any CPU
		{541D3944-9D57-489A-9DE0-69D707A698E2}.Debug|Any CPU.Build.0 = Debug|Any CPU
		{541D3944-9D57-489A-9DE0-69D707A698E2}.Release|Any CPU.ActiveCfg = Release|Any CPU
		{541D3944-9D57-489A-9DE0-69D707A698E2}.Release|Any CPU.Build.0 = Release|Any CPU
	EndGlobalSection
	GlobalSection(SolutionProperties) = preSolution
		HideSolutionNode = FALSE
	EndGlobalSection
	GlobalSection(ExtensibilityGlobals) = postSolution
		SolutionGuid = {D3BD71A5-D99E-48E7-A4E8-096B0763ADDC}
	EndGlobalSection
EndGlobal
