
Microsoft Visual Studio Solution File, Format Version 12.00
# Visual Studio Version 16
VisualStudioVersion = 16.0.30011.22
MinimumVisualStudioVersion = 10.0.40219.1
Project("{FAE04EC0-301F-11D3-BF4B-00C04F79EFBC}") = "Vector", "Vector\Vector.csproj", "{EE1C1ECF-AB6B-4FFB-BDDB-40BB9FC4168F}"
EndProject
Project("{FAE04EC0-301F-11D3-BF4B-00C04F79EFBC}") = "VectorTests", "VectorTests\VectorTests.csproj", "{3884F431-56E9-41DD-8697-7C6670CAD258}"
EndProject
Global
	GlobalSection(SolutionConfigurationPlatforms) = preSolution
		Debug|Any CPU = Debug|Any CPU
		Release|Any CPU = Release|Any CPU
	EndGlobalSection
	GlobalSection(ProjectConfigurationPlatforms) = postSolution
		{EE1C1ECF-AB6B-4FFB-BDDB-40BB9FC4168F}.Debug|Any CPU.ActiveCfg = Debug|Any CPU
		{EE1C1ECF-AB6B-4FFB-BDDB-40BB9FC4168F}.Debug|Any CPU.Build.0 = Debug|Any CPU
		{EE1C1ECF-AB6B-4FFB-BDDB-40BB9FC4168F}.Release|Any CPU.ActiveCfg = Release|Any CPU
		{EE1C1ECF-AB6B-4FFB-BDDB-40BB9FC4168F}.Release|Any CPU.Build.0 = Release|Any CPU
		{3884F431-56E9-41DD-8697-7C6670CAD258}.Debug|Any CPU.ActiveCfg = Debug|Any CPU
		{3884F431-56E9-41DD-8697-7C6670CAD258}.Debug|Any CPU.Build.0 = Debug|Any CPU
		{3884F431-56E9-41DD-8697-7C6670CAD258}.Release|Any CPU.ActiveCfg = Release|Any CPU
		{3884F431-56E9-41DD-8697-7C6670CAD258}.Release|Any CPU.Build.0 = Release|Any CPU
	EndGlobalSection
	GlobalSection(SolutionProperties) = preSolution
		HideSolutionNode = FALSE
	EndGlobalSection
	GlobalSection(ExtensibilityGlobals) = postSolution
		SolutionGuid = {0072D65E-5B4E-428F-A686-AE511E1BDE26}
	EndGlobalSection
EndGlobal
