
Microsoft Visual Studio Solution File, Format Version 12.00
# Visual Studio Version 16
VisualStudioVersion = 16.0.30717.126
MinimumVisualStudioVersion = 10.0.40219.1
Project("{FAE04EC0-301F-11D3-BF4B-00C04F79EFBC}") = "Test2", "Test2\Test2.csproj", "{498C0756-FB23-4014-88EA-BA4C57682292}"
EndProject
Project("{FAE04EC0-301F-11D3-BF4B-00C04F79EFBC}") = "Tests", "Tests\Tests.csproj", "{4A12C42E-F49F-47D9-A9BE-9330A9785B8B}"
EndProject
Global
	GlobalSection(SolutionConfigurationPlatforms) = preSolution
		Debug|Any CPU = Debug|Any CPU
		Release|Any CPU = Release|Any CPU
	EndGlobalSection
	GlobalSection(ProjectConfigurationPlatforms) = postSolution
		{498C0756-FB23-4014-88EA-BA4C57682292}.Debug|Any CPU.ActiveCfg = Debug|Any CPU
		{498C0756-FB23-4014-88EA-BA4C57682292}.Debug|Any CPU.Build.0 = Debug|Any CPU
		{498C0756-FB23-4014-88EA-BA4C57682292}.Release|Any CPU.ActiveCfg = Release|Any CPU
		{498C0756-FB23-4014-88EA-BA4C57682292}.Release|Any CPU.Build.0 = Release|Any CPU
		{4A12C42E-F49F-47D9-A9BE-9330A9785B8B}.Debug|Any CPU.ActiveCfg = Debug|Any CPU
		{4A12C42E-F49F-47D9-A9BE-9330A9785B8B}.Debug|Any CPU.Build.0 = Debug|Any CPU
		{4A12C42E-F49F-47D9-A9BE-9330A9785B8B}.Release|Any CPU.ActiveCfg = Release|Any CPU
		{4A12C42E-F49F-47D9-A9BE-9330A9785B8B}.Release|Any CPU.Build.0 = Release|Any CPU
	EndGlobalSection
	GlobalSection(SolutionProperties) = preSolution
		HideSolutionNode = FALSE
	EndGlobalSection
	GlobalSection(ExtensibilityGlobals) = postSolution
		SolutionGuid = {174F4A5D-812F-4673-A83D-F8966EDBB1F9}
	EndGlobalSection
EndGlobal
