
Microsoft Visual Studio Solution File, Format Version 12.00
# Visual Studio Version 16
VisualStudioVersion = 16.0.30204.135
MinimumVisualStudioVersion = 10.0.40219.1
Project("{9A19103F-16F7-4668-BE54-9A1E7A4F7556}") = "HomeWork3", "HomeWork3\HomeWork3.csproj", "{539BBB92-4DF4-4BB3-B838-D5CC1D1543BB}"
EndProject
Project("{FAE04EC0-301F-11D3-BF4B-00C04F79EFBC}") = "Tests", "Tests\Tests.csproj", "{8122AE31-15DB-43C9-820D-45A1705A672C}"
	ProjectSection(ProjectDependencies) = postProject
		{539BBB92-4DF4-4BB3-B838-D5CC1D1543BB} = {539BBB92-4DF4-4BB3-B838-D5CC1D1543BB}
	EndProjectSection
EndProject
Global
	GlobalSection(SolutionConfigurationPlatforms) = preSolution
		Debug|Any CPU = Debug|Any CPU
		Release|Any CPU = Release|Any CPU
	EndGlobalSection
	GlobalSection(ProjectConfigurationPlatforms) = postSolution
		{539BBB92-4DF4-4BB3-B838-D5CC1D1543BB}.Debug|Any CPU.ActiveCfg = Debug|Any CPU
		{539BBB92-4DF4-4BB3-B838-D5CC1D1543BB}.Debug|Any CPU.Build.0 = Debug|Any CPU
		{539BBB92-4DF4-4BB3-B838-D5CC1D1543BB}.Release|Any CPU.ActiveCfg = Release|Any CPU
		{539BBB92-4DF4-4BB3-B838-D5CC1D1543BB}.Release|Any CPU.Build.0 = Release|Any CPU
		{8122AE31-15DB-43C9-820D-45A1705A672C}.Debug|Any CPU.ActiveCfg = Debug|Any CPU
		{8122AE31-15DB-43C9-820D-45A1705A672C}.Debug|Any CPU.Build.0 = Debug|Any CPU
		{8122AE31-15DB-43C9-820D-45A1705A672C}.Release|Any CPU.ActiveCfg = Release|Any CPU
		{8122AE31-15DB-43C9-820D-45A1705A672C}.Release|Any CPU.Build.0 = Release|Any CPU
	EndGlobalSection
	GlobalSection(SolutionProperties) = preSolution
		HideSolutionNode = FALSE
	EndGlobalSection
	GlobalSection(ExtensibilityGlobals) = postSolution
		SolutionGuid = {2F619DC7-8E74-4289-AB4E-E93013D6A2FC}
	EndGlobalSection
EndGlobal
