
Microsoft Visual Studio Solution File, Format Version 12.00
# Visual Studio Version 16
VisualStudioVersion = 16.0.30523.141
MinimumVisualStudioVersion = 10.0.40219.1
Project("{9A19103F-16F7-4668-BE54-9A1E7A4F7556}") = "HomeWork4", "HomeWork4\HomeWork4.csproj", "{08BAB0A9-598C-435C-8A06-09ABEC828CA2}"
EndProject
Project("{9A19103F-16F7-4668-BE54-9A1E7A4F7556}") = "Tests", "Tests\Tests.csproj", "{A86292E1-1F69-46BD-AA65-B62D6D1D4078}"
EndProject
Global
	GlobalSection(SolutionConfigurationPlatforms) = preSolution
		Debug|Any CPU = Debug|Any CPU
		Release|Any CPU = Release|Any CPU
	EndGlobalSection
	GlobalSection(ProjectConfigurationPlatforms) = postSolution
		{08BAB0A9-598C-435C-8A06-09ABEC828CA2}.Debug|Any CPU.ActiveCfg = Debug|Any CPU
		{08BAB0A9-598C-435C-8A06-09ABEC828CA2}.Debug|Any CPU.Build.0 = Debug|Any CPU
		{08BAB0A9-598C-435C-8A06-09ABEC828CA2}.Release|Any CPU.ActiveCfg = Release|Any CPU
		{08BAB0A9-598C-435C-8A06-09ABEC828CA2}.Release|Any CPU.Build.0 = Release|Any CPU
		{A86292E1-1F69-46BD-AA65-B62D6D1D4078}.Debug|Any CPU.ActiveCfg = Debug|Any CPU
		{A86292E1-1F69-46BD-AA65-B62D6D1D4078}.Debug|Any CPU.Build.0 = Debug|Any CPU
		{A86292E1-1F69-46BD-AA65-B62D6D1D4078}.Release|Any CPU.ActiveCfg = Release|Any CPU
		{A86292E1-1F69-46BD-AA65-B62D6D1D4078}.Release|Any CPU.Build.0 = Release|Any CPU
	EndGlobalSection
	GlobalSection(SolutionProperties) = preSolution
		HideSolutionNode = FALSE
	EndGlobalSection
	GlobalSection(ExtensibilityGlobals) = postSolution
		SolutionGuid = {B3433FD0-93A8-4A5C-9C62-A5ABFB7189AC}
	EndGlobalSection
EndGlobal
