
Microsoft Visual Studio Solution File, Format Version 12.00
# Visual Studio Version 16
VisualStudioVersion = 16.0.31005.135
MinimumVisualStudioVersion = 10.0.40219.1
Project("{9A19103F-16F7-4668-BE54-9A1E7A4F7556}") = "HomeWork6", "HomeWork6\HomeWork6.csproj", "{405B8A6E-E166-4A78-8687-5BB3555C2431}"
EndProject
Project("{9A19103F-16F7-4668-BE54-9A1E7A4F7556}") = "FTP", "FTP\FTP.csproj", "{41E731F6-2E62-4A1C-A29E-EFDB46AF0EBC}"
EndProject
Project("{FAE04EC0-301F-11D3-BF4B-00C04F79EFBC}") = "Tests", "Tests\Tests.csproj", "{3AB006DD-CA95-46E2-BE0C-50719D0CAF45}"
EndProject
Global
	GlobalSection(SolutionConfigurationPlatforms) = preSolution
		Debug|Any CPU = Debug|Any CPU
		Release|Any CPU = Release|Any CPU
	EndGlobalSection
	GlobalSection(ProjectConfigurationPlatforms) = postSolution
		{405B8A6E-E166-4A78-8687-5BB3555C2431}.Debug|Any CPU.ActiveCfg = Debug|Any CPU
		{405B8A6E-E166-4A78-8687-5BB3555C2431}.Debug|Any CPU.Build.0 = Debug|Any CPU
		{405B8A6E-E166-4A78-8687-5BB3555C2431}.Release|Any CPU.ActiveCfg = Release|Any CPU
		{405B8A6E-E166-4A78-8687-5BB3555C2431}.Release|Any CPU.Build.0 = Release|Any CPU
		{41E731F6-2E62-4A1C-A29E-EFDB46AF0EBC}.Debug|Any CPU.ActiveCfg = Debug|Any CPU
		{41E731F6-2E62-4A1C-A29E-EFDB46AF0EBC}.Debug|Any CPU.Build.0 = Debug|Any CPU
		{41E731F6-2E62-4A1C-A29E-EFDB46AF0EBC}.Release|Any CPU.ActiveCfg = Release|Any CPU
		{41E731F6-2E62-4A1C-A29E-EFDB46AF0EBC}.Release|Any CPU.Build.0 = Release|Any CPU
		{3AB006DD-CA95-46E2-BE0C-50719D0CAF45}.Debug|Any CPU.ActiveCfg = Debug|Any CPU
		{3AB006DD-CA95-46E2-BE0C-50719D0CAF45}.Debug|Any CPU.Build.0 = Debug|Any CPU
		{3AB006DD-CA95-46E2-BE0C-50719D0CAF45}.Release|Any CPU.ActiveCfg = Release|Any CPU
		{3AB006DD-CA95-46E2-BE0C-50719D0CAF45}.Release|Any CPU.Build.0 = Release|Any CPU
	EndGlobalSection
	GlobalSection(SolutionProperties) = preSolution
		HideSolutionNode = FALSE
	EndGlobalSection
	GlobalSection(ExtensibilityGlobals) = postSolution
		SolutionGuid = {6498DF1D-011D-4827-A81E-227837F09A67}
	EndGlobalSection
EndGlobal
