
Microsoft Visual Studio Solution File, Format Version 12.00
# Visual Studio Version 16
VisualStudioVersion = 16.0.29911.84
MinimumVisualStudioVersion = 10.0.40219.1
Project("{9A19103F-16F7-4668-BE54-9A1E7A4F7556}") = "2.6.1", "2.6.1\2.6.1.csproj", "{03C4ECA3-5DE0-40AC-9325-0737543CB659}"
EndProject
Project("{FAE04EC0-301F-11D3-BF4B-00C04F79EFBC}") = "Tests", "Tests\Tests.csproj", "{D85BE472-8144-4B70-A0C2-0792B2DA8A3F}"
	ProjectSection(ProjectDependencies) = postProject
		{03C4ECA3-5DE0-40AC-9325-0737543CB659} = {03C4ECA3-5DE0-40AC-9325-0737543CB659}
	EndProjectSection
EndProject
Global
	GlobalSection(SolutionConfigurationPlatforms) = preSolution
		Debug|Any CPU = Debug|Any CPU
		Release|Any CPU = Release|Any CPU
	EndGlobalSection
	GlobalSection(ProjectConfigurationPlatforms) = postSolution
		{03C4ECA3-5DE0-40AC-9325-0737543CB659}.Debug|Any CPU.ActiveCfg = Debug|Any CPU
		{03C4ECA3-5DE0-40AC-9325-0737543CB659}.Debug|Any CPU.Build.0 = Debug|Any CPU
		{03C4ECA3-5DE0-40AC-9325-0737543CB659}.Release|Any CPU.ActiveCfg = Release|Any CPU
		{03C4ECA3-5DE0-40AC-9325-0737543CB659}.Release|Any CPU.Build.0 = Release|Any CPU
		{D85BE472-8144-4B70-A0C2-0792B2DA8A3F}.Debug|Any CPU.ActiveCfg = Debug|Any CPU
		{D85BE472-8144-4B70-A0C2-0792B2DA8A3F}.Debug|Any CPU.Build.0 = Debug|Any CPU
		{D85BE472-8144-4B70-A0C2-0792B2DA8A3F}.Release|Any CPU.ActiveCfg = Release|Any CPU
		{D85BE472-8144-4B70-A0C2-0792B2DA8A3F}.Release|Any CPU.Build.0 = Release|Any CPU
	EndGlobalSection
	GlobalSection(SolutionProperties) = preSolution
		HideSolutionNode = FALSE
	EndGlobalSection
	GlobalSection(ExtensibilityGlobals) = postSolution
		SolutionGuid = {BAD615C3-68E7-43CD-81DA-CF16E9E2D2E1}
	EndGlobalSection
EndGlobal
