
Microsoft Visual Studio Solution File, Format Version 12.00
# Visual Studio Version 16
VisualStudioVersion = 16.0.30204.135
MinimumVisualStudioVersion = 10.0.40219.1
Project("{9A19103F-16F7-4668-BE54-9A1E7A4F7556}") = "HomeWork2", "HomeWork2\HomeWork2.csproj", "{A2DA70D3-1536-430D-BB3D-9715D73B7A23}"
EndProject
Project("{FAE04EC0-301F-11D3-BF4B-00C04F79EFBC}") = "LazyTests", "LazyTests\LazyTests.csproj", "{FD3A722D-C6AC-40F4-B8F2-615CC5FCD23B}"
EndProject
Global
	GlobalSection(SolutionConfigurationPlatforms) = preSolution
		Debug|Any CPU = Debug|Any CPU
		Release|Any CPU = Release|Any CPU
	EndGlobalSection
	GlobalSection(ProjectConfigurationPlatforms) = postSolution
		{A2DA70D3-1536-430D-BB3D-9715D73B7A23}.Debug|Any CPU.ActiveCfg = Debug|Any CPU
		{A2DA70D3-1536-430D-BB3D-9715D73B7A23}.Debug|Any CPU.Build.0 = Debug|Any CPU
		{A2DA70D3-1536-430D-BB3D-9715D73B7A23}.Release|Any CPU.ActiveCfg = Release|Any CPU
		{A2DA70D3-1536-430D-BB3D-9715D73B7A23}.Release|Any CPU.Build.0 = Release|Any CPU
		{FD3A722D-C6AC-40F4-B8F2-615CC5FCD23B}.Debug|Any CPU.ActiveCfg = Debug|Any CPU
		{FD3A722D-C6AC-40F4-B8F2-615CC5FCD23B}.Debug|Any CPU.Build.0 = Debug|Any CPU
		{FD3A722D-C6AC-40F4-B8F2-615CC5FCD23B}.Release|Any CPU.ActiveCfg = Release|Any CPU
		{FD3A722D-C6AC-40F4-B8F2-615CC5FCD23B}.Release|Any CPU.Build.0 = Release|Any CPU
	EndGlobalSection
	GlobalSection(SolutionProperties) = preSolution
		HideSolutionNode = FALSE
	EndGlobalSection
	GlobalSection(ExtensibilityGlobals) = postSolution
		SolutionGuid = {F601D9E7-0881-46DE-B5C1-942222CCDFF9}
	EndGlobalSection
EndGlobal
