
Microsoft Visual Studio Solution File, Format Version 12.00
# Visual Studio Version 16
VisualStudioVersion = 16.0.31005.135
MinimumVisualStudioVersion = 10.0.40219.1
Project("{F2A71F9B-5D33-465A-A702-920D77279786}") = "Task2", "Task2\Task2.fsproj", "{D31FE0F9-F883-4157-BF7D-DDDE8847C3A7}"
EndProject
Global
	GlobalSection(SolutionConfigurationPlatforms) = preSolution
		Debug|Any CPU = Debug|Any CPU
		Release|Any CPU = Release|Any CPU
	EndGlobalSection
	GlobalSection(ProjectConfigurationPlatforms) = postSolution
		{D31FE0F9-F883-4157-BF7D-DDDE8847C3A7}.Debug|Any CPU.ActiveCfg = Debug|Any CPU
		{D31FE0F9-F883-4157-BF7D-DDDE8847C3A7}.Debug|Any CPU.Build.0 = Debug|Any CPU
		{D31FE0F9-F883-4157-BF7D-DDDE8847C3A7}.Release|Any CPU.ActiveCfg = Release|Any CPU
		{D31FE0F9-F883-4157-BF7D-DDDE8847C3A7}.Release|Any CPU.Build.0 = Release|Any CPU
	EndGlobalSection
	GlobalSection(SolutionProperties) = preSolution
		HideSolutionNode = FALSE
	EndGlobalSection
	GlobalSection(ExtensibilityGlobals) = postSolution
		SolutionGuid = {51C87743-5F48-42B1-A868-431994E17F9E}
	EndGlobalSection
EndGlobal
